// !$*UTF8*$!
{
	archiveVersion = 1;
	classes = {
	};
	objectVersion = 56;
	objects = {

/* Begin PBXBuildFile section */
		D31FDD112CA3515D00A08F5C /* EmpleadosVM.swift in Sources */ = {isa = PBXBuildFile; fileRef = D31FDD102CA3515D00A08F5C /* EmpleadosVM.swift */; };
		D3B67E8F2CA4080C00C0D2B1 /* NetworkStatus.swift in Sources */ = {isa = PBXBuildFile; fileRef = D3B67E8E2CA4080C00C0D2B1 /* NetworkStatus.swift */; };
		D3B67E922CA414BF00C0D2B1 /* UnavailableNetworl.swift in Sources */ = {isa = PBXBuildFile; fileRef = D3B67E912CA414BF00C0D2B1 /* UnavailableNetworl.swift */; };
		D3B67E942CA42E9200C0D2B1 /* testEmpleados.json in Resources */ = {isa = PBXBuildFile; fileRef = D3B67E932CA42E9200C0D2B1 /* testEmpleados.json */; };
		D3B67E962CA42EE900C0D2B1 /* PreviewData.swift in Sources */ = {isa = PBXBuildFile; fileRef = D3B67E952CA42EE900C0D2B1 /* PreviewData.swift */; };
		D3B67E982CA4300E00C0D2B1 /* PreviewViews.swift in Sources */ = {isa = PBXBuildFile; fileRef = D3B67E972CA4300E00C0D2B1 /* PreviewViews.swift */; };
		D3B67E9B2CA45C0B00C0D2B1 /* EmpleadoRow.swift in Sources */ = {isa = PBXBuildFile; fileRef = D3B67E9A2CA45C0B00C0D2B1 /* EmpleadoRow.swift */; };
		D3B67E9D2CA45FF600C0D2B1 /* NavigationCustom.swift in Sources */ = {isa = PBXBuildFile; fileRef = D3B67E9C2CA45FF600C0D2B1 /* NavigationCustom.swift */; };
		D3B67E9F2CA4622B00C0D2B1 /* AddToolbarButton.swift in Sources */ = {isa = PBXBuildFile; fileRef = D3B67E9E2CA4622B00C0D2B1 /* AddToolbarButton.swift */; };
		D3B67EA12CA463FA00C0D2B1 /* AlertaCustom.swift in Sources */ = {isa = PBXBuildFile; fileRef = D3B67EA02CA463FA00C0D2B1 /* AlertaCustom.swift */; };
		D3B67EA32CA4661F00C0D2B1 /* EditEmpleado.swift in Sources */ = {isa = PBXBuildFile; fileRef = D3B67EA22CA4661F00C0D2B1 /* EditEmpleado.swift */; };
		D3B67EA52CA46A7D00C0D2B1 /* EditEmpleadoVM.swift in Sources */ = {isa = PBXBuildFile; fileRef = D3B67EA42CA46A7D00C0D2B1 /* EditEmpleadoVM.swift */; };
		D3B67EA92CA4AD5A00C0D2B1 /* TextField.swift in Sources */ = {isa = PBXBuildFile; fileRef = D3B67EA82CA4AD5A00C0D2B1 /* TextField.swift */; };
		D3B67EAB2CA561BB00C0D2B1 /* SaveToolbarButton.swift in Sources */ = {isa = PBXBuildFile; fileRef = D3B67EAA2CA561BB00C0D2B1 /* SaveToolbarButton.swift */; };
		D3B67EAE2CA5688B00C0D2B1 /* AccessibilityHints.swift in Sources */ = {isa = PBXBuildFile; fileRef = D3B67EAD2CA5688B00C0D2B1 /* AccessibilityHints.swift */; };
		D3C5977B2BF60F6E00BEE674 /* MiEmpleadosApp.swift in Sources */ = {isa = PBXBuildFile; fileRef = D3C5977A2BF60F6E00BEE674 /* MiEmpleadosApp.swift */; };
		D3C5977D2BF60F6E00BEE674 /* ContentView.swift in Sources */ = {isa = PBXBuildFile; fileRef = D3C5977C2BF60F6E00BEE674 /* ContentView.swift */; };
		D3C5977F2BF60F7000BEE674 /* Assets.xcassets in Resources */ = {isa = PBXBuildFile; fileRef = D3C5977E2BF60F7000BEE674 /* Assets.xcassets */; };
		D3C597822BF60F7000BEE674 /* Preview Assets.xcassets in Resources */ = {isa = PBXBuildFile; fileRef = D3C597812BF60F7000BEE674 /* Preview Assets.xcassets */; };
		D3D8232F2BFB3ADF00BFF546 /* APIModel.swift in Sources */ = {isa = PBXBuildFile; fileRef = D3D8232E2BFB3ADF00BFF546 /* APIModel.swift */; };
		D3D823312BFB3CB300BFF546 /* EnumsModel.swift in Sources */ = {isa = PBXBuildFile; fileRef = D3D823302BFB3CB300BFF546 /* EnumsModel.swift */; };
		D3D823332BFB3CD200BFF546 /* Model.swift in Sources */ = {isa = PBXBuildFile; fileRef = D3D823322BFB3CD200BFF546 /* Model.swift */; };
		D3D823352BFB3DCF00BFF546 /* ApiPostModel.swift in Sources */ = {isa = PBXBuildFile; fileRef = D3D823342BFB3DCF00BFF546 /* ApiPostModel.swift */; };
		D3D823382BFB478F00BFF546 /* URL.swift in Sources */ = {isa = PBXBuildFile; fileRef = D3D823372BFB478F00BFF546 /* URL.swift */; };
		D3D823702BFDEC6C00BFF546 /* URLRequest.swift in Sources */ = {isa = PBXBuildFile; fileRef = D3D8236F2BFDEC6C00BFF546 /* URLRequest.swift */; };
		D3D823722BFDF0A500BFF546 /* NetworkError.swift in Sources */ = {isa = PBXBuildFile; fileRef = D3D823712BFDF0A500BFF546 /* NetworkError.swift */; };
		D3D823742BFDF1C800BFF546 /* URLSession.swift in Sources */ = {isa = PBXBuildFile; fileRef = D3D823732BFDF1C800BFF546 /* URLSession.swift */; };
		D3D823762BFDF56300BFF546 /* NetworkInteractor.swift in Sources */ = {isa = PBXBuildFile; fileRef = D3D823752BFDF56300BFF546 /* NetworkInteractor.swift */; };
		D3D823792BFDFBFC00BFF546 /* Network.swift in Sources */ = {isa = PBXBuildFile; fileRef = D3D823782BFDFBFC00BFF546 /* Network.swift */; };
/* End PBXBuildFile section */

/* Begin PBXFileReference section */
		D31FDD102CA3515D00A08F5C /* EmpleadosVM.swift */ = {isa = PBXFileReference; lastKnownFileType = sourcecode.swift; path = EmpleadosVM.swift; sourceTree = "<group>"; };
		D3B67E8E2CA4080C00C0D2B1 /* NetworkStatus.swift */ = {isa = PBXFileReference; lastKnownFileType = sourcecode.swift; path = NetworkStatus.swift; sourceTree = "<group>"; };
		D3B67E912CA414BF00C0D2B1 /* UnavailableNetworl.swift */ = {isa = PBXFileReference; lastKnownFileType = sourcecode.swift; path = UnavailableNetworl.swift; sourceTree = "<group>"; };
		D3B67E932CA42E9200C0D2B1 /* testEmpleados.json */ = {isa = PBXFileReference; lastKnownFileType = text.json; path = testEmpleados.json; sourceTree = "<group>"; };
		D3B67E952CA42EE900C0D2B1 /* PreviewData.swift */ = {isa = PBXFileReference; lastKnownFileType = sourcecode.swift; path = PreviewData.swift; sourceTree = "<group>"; };
		D3B67E972CA4300E00C0D2B1 /* PreviewViews.swift */ = {isa = PBXFileReference; lastKnownFileType = sourcecode.swift; path = PreviewViews.swift; sourceTree = "<group>"; };
		D3B67E9A2CA45C0B00C0D2B1 /* EmpleadoRow.swift */ = {isa = PBXFileReference; lastKnownFileType = sourcecode.swift; path = EmpleadoRow.swift; sourceTree = "<group>"; };
		D3B67E9C2CA45FF600C0D2B1 /* NavigationCustom.swift */ = {isa = PBXFileReference; lastKnownFileType = sourcecode.swift; path = NavigationCustom.swift; sourceTree = "<group>"; };
		D3B67E9E2CA4622B00C0D2B1 /* AddToolbarButton.swift */ = {isa = PBXFileReference; lastKnownFileType = sourcecode.swift; path = AddToolbarButton.swift; sourceTree = "<group>"; };
		D3B67EA02CA463FA00C0D2B1 /* AlertaCustom.swift */ = {isa = PBXFileReference; lastKnownFileType = sourcecode.swift; path = AlertaCustom.swift; sourceTree = "<group>"; };
		D3B67EA22CA4661F00C0D2B1 /* EditEmpleado.swift */ = {isa = PBXFileReference; lastKnownFileType = sourcecode.swift; path = EditEmpleado.swift; sourceTree = "<group>"; };
		D3B67EA42CA46A7D00C0D2B1 /* EditEmpleadoVM.swift */ = {isa = PBXFileReference; lastKnownFileType = sourcecode.swift; path = EditEmpleadoVM.swift; sourceTree = "<group>"; };
		D3B67EA82CA4AD5A00C0D2B1 /* TextField.swift */ = {isa = PBXFileReference; lastKnownFileType = sourcecode.swift; path = TextField.swift; sourceTree = "<group>"; };
		D3B67EAA2CA561BB00C0D2B1 /* SaveToolbarButton.swift */ = {isa = PBXFileReference; lastKnownFileType = sourcecode.swift; path = SaveToolbarButton.swift; sourceTree = "<group>"; };
		D3B67EAD2CA5688B00C0D2B1 /* AccessibilityHints.swift */ = {isa = PBXFileReference; lastKnownFileType = sourcecode.swift; path = AccessibilityHints.swift; sourceTree = "<group>"; };
		D3C597772BF60F6E00BEE674 /* MiEmpleados.app */ = {isa = PBXFileReference; explicitFileType = wrapper.application; includeInIndex = 0; path = MiEmpleados.app; sourceTree = BUILT_PRODUCTS_DIR; };
		D3C5977A2BF60F6E00BEE674 /* MiEmpleadosApp.swift */ = {isa = PBXFileReference; lastKnownFileType = sourcecode.swift; path = MiEmpleadosApp.swift; sourceTree = "<group>"; };
		D3C5977C2BF60F6E00BEE674 /* ContentView.swift */ = {isa = PBXFileReference; lastKnownFileType = sourcecode.swift; path = ContentView.swift; sourceTree = "<group>"; };
		D3C5977E2BF60F7000BEE674 /* Assets.xcassets */ = {isa = PBXFileReference; lastKnownFileType = folder.assetcatalog; path = Assets.xcassets; sourceTree = "<group>"; };
		D3C597812BF60F7000BEE674 /* Preview Assets.xcassets */ = {isa = PBXFileReference; lastKnownFileType = folder.assetcatalog; path = "Preview Assets.xcassets"; sourceTree = "<group>"; };
		D3D8232E2BFB3ADF00BFF546 /* APIModel.swift */ = {isa = PBXFileReference; lastKnownFileType = sourcecode.swift; path = APIModel.swift; sourceTree = "<group>"; };
		D3D823302BFB3CB300BFF546 /* EnumsModel.swift */ = {isa = PBXFileReference; lastKnownFileType = sourcecode.swift; path = EnumsModel.swift; sourceTree = "<group>"; };
		D3D823322BFB3CD200BFF546 /* Model.swift */ = {isa = PBXFileReference; lastKnownFileType = sourcecode.swift; path = Model.swift; sourceTree = "<group>"; };
		D3D823342BFB3DCF00BFF546 /* ApiPostModel.swift */ = {isa = PBXFileReference; lastKnownFileType = sourcecode.swift; path = ApiPostModel.swift; sourceTree = "<group>"; };
		D3D823372BFB478F00BFF546 /* URL.swift */ = {isa = PBXFileReference; lastKnownFileType = sourcecode.swift; path = URL.swift; sourceTree = "<group>"; };
		D3D8236F2BFDEC6C00BFF546 /* URLRequest.swift */ = {isa = PBXFileReference; lastKnownFileType = sourcecode.swift; path = URLRequest.swift; sourceTree = "<group>"; };
		D3D823712BFDF0A500BFF546 /* NetworkError.swift */ = {isa = PBXFileReference; lastKnownFileType = sourcecode.swift; path = NetworkError.swift; sourceTree = "<group>"; };
		D3D823732BFDF1C800BFF546 /* URLSession.swift */ = {isa = PBXFileReference; lastKnownFileType = sourcecode.swift; path = URLSession.swift; sourceTree = "<group>"; };
		D3D823752BFDF56300BFF546 /* NetworkInteractor.swift */ = {isa = PBXFileReference; lastKnownFileType = sourcecode.swift; path = NetworkInteractor.swift; sourceTree = "<group>"; };
		D3D823782BFDFBFC00BFF546 /* Network.swift */ = {isa = PBXFileReference; lastKnownFileType = sourcecode.swift; path = Network.swift; sourceTree = "<group>"; };
/* End PBXFileReference section */

/* Begin PBXFrameworksBuildPhase section */
		D3C597742BF60F6E00BEE674 /* Frameworks */ = {
			isa = PBXFrameworksBuildPhase;
			buildActionMask = 2147483647;
			files = (
			);
			runOnlyForDeploymentPostprocessing = 0;
		};
/* End PBXFrameworksBuildPhase section */

/* Begin PBXGroup section */
		D31FDD0F2CA3512E00A08F5C /* ViewModels */ = {
			isa = PBXGroup;
			children = (
				D31FDD102CA3515D00A08F5C /* EmpleadosVM.swift */,
				D3B67EA42CA46A7D00C0D2B1 /* EditEmpleadoVM.swift */,
			);
			path = ViewModels;
			sourceTree = "<group>";
		};
		D3B67E902CA4147100C0D2B1 /* Modifiers */ = {
			isa = PBXGroup;
			children = (
				D3B67E912CA414BF00C0D2B1 /* UnavailableNetworl.swift */,
				D3B67E9C2CA45FF600C0D2B1 /* NavigationCustom.swift */,
				D3B67E9E2CA4622B00C0D2B1 /* AddToolbarButton.swift */,
				D3B67EA02CA463FA00C0D2B1 /* AlertaCustom.swift */,
				D3B67EAA2CA561BB00C0D2B1 /* SaveToolbarButton.swift */,
			);
			path = Modifiers;
			sourceTree = "<group>";
		};
		D3B67E992CA45BF000C0D2B1 /* Components */ = {
			isa = PBXGroup;
			children = (
				D3B67E9A2CA45C0B00C0D2B1 /* EmpleadoRow.swift */,
				D3B67EA82CA4AD5A00C0D2B1 /* TextField.swift */,
			);
			path = Components;
			sourceTree = "<group>";
		};
		D3B67EAC2CA5686F00C0D2B1 /* Strings */ = {
			isa = PBXGroup;
			children = (
				D3B67EAD2CA5688B00C0D2B1 /* AccessibilityHints.swift */,
			);
			path = Strings;
			sourceTree = "<group>";
		};
		D3C5976E2BF60F6E00BEE674 = {
			isa = PBXGroup;
			children = (
				D3C597792BF60F6E00BEE674 /* MiEmpleados */,
				D3C597782BF60F6E00BEE674 /* Products */,
			);
			sourceTree = "<group>";
		};
		D3C597782BF60F6E00BEE674 /* Products */ = {
			isa = PBXGroup;
			children = (
				D3C597772BF60F6E00BEE674 /* MiEmpleados.app */,
			);
			name = Products;
			sourceTree = "<group>";
		};
		D3C597792BF60F6E00BEE674 /* MiEmpleados */ = {
			isa = PBXGroup;
			children = (
				D3C5977A2BF60F6E00BEE674 /* MiEmpleadosApp.swift */,
				D3C5977C2BF60F6E00BEE674 /* ContentView.swift */,
				D3B67EA22CA4661F00C0D2B1 /* EditEmpleado.swift */,
				D3B67E992CA45BF000C0D2B1 /* Components */,
				D3B67E902CA4147100C0D2B1 /* Modifiers */,
				D31FDD0F2CA3512E00A08F5C /* ViewModels */,
				D3D823772BFDFBDF00BFF546 /* Interactor */,
				D3D823362BFB474800BFF546 /* Interface */,
				D3D8232D2BFB3AB000BFF546 /* Model */,
				D3B67EAC2CA5686F00C0D2B1 /* Strings */,
				D3C5977E2BF60F7000BEE674 /* Assets.xcassets */,
				D3C597802BF60F7000BEE674 /* Preview Content */,
			);
			path = MiEmpleados;
			sourceTree = "<group>";
		};
		D3C597802BF60F7000BEE674 /* Preview Content */ = {
			isa = PBXGroup;
			children = (
				D3B67E932CA42E9200C0D2B1 /* testEmpleados.json */,
				D3C597812BF60F7000BEE674 /* Preview Assets.xcassets */,
				D3B67E952CA42EE900C0D2B1 /* PreviewData.swift */,
				D3B67E972CA4300E00C0D2B1 /* PreviewViews.swift */,
			);
			path = "Preview Content";
			sourceTree = "<group>";
		};
		D3D8232D2BFB3AB000BFF546 /* Model */ = {
			isa = PBXGroup;
			children = (
				D3D823322BFB3CD200BFF546 /* Model.swift */,
				D3D8232E2BFB3ADF00BFF546 /* APIModel.swift */,
				D3D823302BFB3CB300BFF546 /* EnumsModel.swift */,
				D3D823342BFB3DCF00BFF546 /* ApiPostModel.swift */,
			);
			name = Model;
			sourceTree = "<group>";
		};
		D3D823362BFB474800BFF546 /* Interface */ = {
			isa = PBXGroup;
			children = (
				D3D823372BFB478F00BFF546 /* URL.swift */,
				D3D8236F2BFDEC6C00BFF546 /* URLRequest.swift */,
				D3D823712BFDF0A500BFF546 /* NetworkError.swift */,
				D3D823732BFDF1C800BFF546 /* URLSession.swift */,
				D3D823752BFDF56300BFF546 /* NetworkInteractor.swift */,
				D3B67E8E2CA4080C00C0D2B1 /* NetworkStatus.swift */,
			);
			name = Interface;
			sourceTree = "<group>";
		};
		D3D823772BFDFBDF00BFF546 /* Interactor */ = {
			isa = PBXGroup;
			children = (
				D3D823782BFDFBFC00BFF546 /* Network.swift */,
			);
			name = Interactor;
			sourceTree = "<group>";
		};
/* End PBXGroup section */

/* Begin PBXNativeTarget section */
		D3C597762BF60F6E00BEE674 /* MiEmpleados */ = {
			isa = PBXNativeTarget;
			buildConfigurationList = D3C597852BF60F7000BEE674 /* Build configuration list for PBXNativeTarget "MiEmpleados" */;
			buildPhases = (
				D3C597732BF60F6E00BEE674 /* Sources */,
				D3C597742BF60F6E00BEE674 /* Frameworks */,
				D3C597752BF60F6E00BEE674 /* Resources */,
			);
			buildRules = (
			);
			dependencies = (
			);
			name = MiEmpleados;
			productName = MiEmpleados;
			productReference = D3C597772BF60F6E00BEE674 /* MiEmpleados.app */;
			productType = "com.apple.product-type.application";
		};
/* End PBXNativeTarget section */

/* Begin PBXProject section */
		D3C5976F2BF60F6E00BEE674 /* Project object */ = {
			isa = PBXProject;
			attributes = {
				BuildIndependentTargetsInParallel = 1;
				LastSwiftUpdateCheck = 1530;
				LastUpgradeCheck = 1530;
				TargetAttributes = {
					D3C597762BF60F6E00BEE674 = {
						CreatedOnToolsVersion = 15.3;
					};
				};
			};
			buildConfigurationList = D3C597722BF60F6E00BEE674 /* Build configuration list for PBXProject "MiEmpleados" */;
			compatibilityVersion = "Xcode 14.0";
			developmentRegion = en;
			hasScannedForEncodings = 0;
			knownRegions = (
				en,
				Base,
			);
			mainGroup = D3C5976E2BF60F6E00BEE674;
			productRefGroup = D3C597782BF60F6E00BEE674 /* Products */;
			projectDirPath = "";
			projectRoot = "";
			targets = (
				D3C597762BF60F6E00BEE674 /* MiEmpleados */,
			);
		};
/* End PBXProject section */

/* Begin PBXResourcesBuildPhase section */
		D3C597752BF60F6E00BEE674 /* Resources */ = {
			isa = PBXResourcesBuildPhase;
			buildActionMask = 2147483647;
			files = (
				D3C597822BF60F7000BEE674 /* Preview Assets.xcassets in Resources */,
				D3B67E942CA42E9200C0D2B1 /* testEmpleados.json in Resources */,
				D3C5977F2BF60F7000BEE674 /* Assets.xcassets in Resources */,
			);
			runOnlyForDeploymentPostprocessing = 0;
		};
/* End PBXResourcesBuildPhase section */

/* Begin PBXSourcesBuildPhase section */
		D3C597732BF60F6E00BEE674 /* Sources */ = {
			isa = PBXSourcesBuildPhase;
			buildActionMask = 2147483647;
			files = (
				D3D823332BFB3CD200BFF546 /* Model.swift in Sources */,
				D3B67E982CA4300E00C0D2B1 /* PreviewViews.swift in Sources */,
				D3B67EA12CA463FA00C0D2B1 /* AlertaCustom.swift in Sources */,
				D3B67EA92CA4AD5A00C0D2B1 /* TextField.swift in Sources */,
				D3D823312BFB3CB300BFF546 /* EnumsModel.swift in Sources */,
				D3D823792BFDFBFC00BFF546 /* Network.swift in Sources */,
				D3D823742BFDF1C800BFF546 /* URLSession.swift in Sources */,
				D3D823762BFDF56300BFF546 /* NetworkInteractor.swift in Sources */,
				D3D823352BFB3DCF00BFF546 /* ApiPostModel.swift in Sources */,
				D3B67E922CA414BF00C0D2B1 /* UnavailableNetworl.swift in Sources */,
				D3B67E8F2CA4080C00C0D2B1 /* NetworkStatus.swift in Sources */,
				D3B67EA52CA46A7D00C0D2B1 /* EditEmpleadoVM.swift in Sources */,
				D3B67E962CA42EE900C0D2B1 /* PreviewData.swift in Sources */,
				D3D823382BFB478F00BFF546 /* URL.swift in Sources */,
				D3C5977D2BF60F6E00BEE674 /* ContentView.swift in Sources */,
				D3D8232F2BFB3ADF00BFF546 /* APIModel.swift in Sources */,
				D3D823722BFDF0A500BFF546 /* NetworkError.swift in Sources */,
				D3C5977B2BF60F6E00BEE674 /* MiEmpleadosApp.swift in Sources */,
				D3B67EA32CA4661F00C0D2B1 /* EditEmpleado.swift in Sources */,
				D3B67E9B2CA45C0B00C0D2B1 /* EmpleadoRow.swift in Sources */,
				D3D823702BFDEC6C00BFF546 /* URLRequest.swift in Sources */,
				D3B67EAE2CA5688B00C0D2B1 /* AccessibilityHints.swift in Sources */,
				D3B67EAB2CA561BB00C0D2B1 /* SaveToolbarButton.swift in Sources */,
				D3B67E9F2CA4622B00C0D2B1 /* AddToolbarButton.swift in Sources */,
				D31FDD112CA3515D00A08F5C /* EmpleadosVM.swift in Sources */,
				D3B67E9D2CA45FF600C0D2B1 /* NavigationCustom.swift in Sources */,
			);
			runOnlyForDeploymentPostprocessing = 0;
		};
/* End PBXSourcesBuildPhase section */

/* Begin XCBuildConfiguration section */
		D3C597832BF60F7000BEE674 /* Debug */ = {
			isa = XCBuildConfiguration;
			buildSettings = {
				ALWAYS_SEARCH_USER_PATHS = NO;
				ASSETCATALOG_COMPILER_GENERATE_SWIFT_ASSET_SYMBOL_EXTENSIONS = YES;
				CLANG_ANALYZER_NONNULL = YES;
				CLANG_ANALYZER_NUMBER_OBJECT_CONVERSION = YES_AGGRESSIVE;
				CLANG_CXX_LANGUAGE_STANDARD = "gnu++20";
				CLANG_ENABLE_MODULES = YES;
				CLANG_ENABLE_OBJC_ARC = YES;
				CLANG_ENABLE_OBJC_WEAK = YES;
				CLANG_WARN_BLOCK_CAPTURE_AUTORELEASING = YES;
				CLANG_WARN_BOOL_CONVERSION = YES;
				CLANG_WARN_COMMA = YES;
				CLANG_WARN_CONSTANT_CONVERSION = YES;
				CLANG_WARN_DEPRECATED_OBJC_IMPLEMENTATIONS = YES;
				CLANG_WARN_DIRECT_OBJC_ISA_USAGE = YES_ERROR;
				CLANG_WARN_DOCUMENTATION_COMMENTS = YES;
				CLANG_WARN_EMPTY_BODY = YES;
				CLANG_WARN_ENUM_CONVERSION = YES;
				CLANG_WARN_INFINITE_RECURSION = YES;
				CLANG_WARN_INT_CONVERSION = YES;
				CLANG_WARN_NON_LITERAL_NULL_CONVERSION = YES;
				CLANG_WARN_OBJC_IMPLICIT_RETAIN_SELF = YES;
				CLANG_WARN_OBJC_LITERAL_CONVERSION = YES;
				CLANG_WARN_OBJC_ROOT_CLASS = YES_ERROR;
				CLANG_WARN_QUOTED_INCLUDE_IN_FRAMEWORK_HEADER = YES;
				CLANG_WARN_RANGE_LOOP_ANALYSIS = YES;
				CLANG_WARN_STRICT_PROTOTYPES = YES;
				CLANG_WARN_SUSPICIOUS_MOVE = YES;
				CLANG_WARN_UNGUARDED_AVAILABILITY = YES_AGGRESSIVE;
				CLANG_WARN_UNREACHABLE_CODE = YES;
				CLANG_WARN__DUPLICATE_METHOD_MATCH = YES;
				COPY_PHASE_STRIP = NO;
				DEBUG_INFORMATION_FORMAT = dwarf;
				ENABLE_STRICT_OBJC_MSGSEND = YES;
				ENABLE_TESTABILITY = YES;
				ENABLE_USER_SCRIPT_SANDBOXING = YES;
				GCC_C_LANGUAGE_STANDARD = gnu17;
				GCC_DYNAMIC_NO_PIC = NO;
				GCC_NO_COMMON_BLOCKS = YES;
				GCC_OPTIMIZATION_LEVEL = 0;
				GCC_PREPROCESSOR_DEFINITIONS = (
					"DEBUG=1",
					"$(inherited)",
				);
				GCC_WARN_64_TO_32_BIT_CONVERSION = YES;
				GCC_WARN_ABOUT_RETURN_TYPE = YES_ERROR;
				GCC_WARN_UNDECLARED_SELECTOR = YES;
				GCC_WARN_UNINITIALIZED_AUTOS = YES_AGGRESSIVE;
				GCC_WARN_UNUSED_FUNCTION = YES;
				GCC_WARN_UNUSED_VARIABLE = YES;
				IPHONEOS_DEPLOYMENT_TARGET = 17.4;
				LOCALIZATION_PREFERS_STRING_CATALOGS = YES;
				MTL_ENABLE_DEBUG_INFO = INCLUDE_SOURCE;
				MTL_FAST_MATH = YES;
				ONLY_ACTIVE_ARCH = YES;
				SDKROOT = iphoneos;
				SWIFT_ACTIVE_COMPILATION_CONDITIONS = "DEBUG $(inherited)";
				SWIFT_OPTIMIZATION_LEVEL = "-Onone";
			};
			name = Debug;
		};
		D3C597842BF60F7000BEE674 /* Release */ = {
			isa = XCBuildConfiguration;
			buildSettings = {
				ALWAYS_SEARCH_USER_PATHS = NO;
				ASSETCATALOG_COMPILER_GENERATE_SWIFT_ASSET_SYMBOL_EXTENSIONS = YES;
				CLANG_ANALYZER_NONNULL = YES;
				CLANG_ANALYZER_NUMBER_OBJECT_CONVERSION = YES_AGGRESSIVE;
				CLANG_CXX_LANGUAGE_STANDARD = "gnu++20";
				CLANG_ENABLE_MODULES = YES;
				CLANG_ENABLE_OBJC_ARC = YES;
				CLANG_ENABLE_OBJC_WEAK = YES;
				CLANG_WARN_BLOCK_CAPTURE_AUTORELEASING = YES;
				CLANG_WARN_BOOL_CONVERSION = YES;
				CLANG_WARN_COMMA = YES;
				CLANG_WARN_CONSTANT_CONVERSION = YES;
				CLANG_WARN_DEPRECATED_OBJC_IMPLEMENTATIONS = YES;
				CLANG_WARN_DIRECT_OBJC_ISA_USAGE = YES_ERROR;
				CLANG_WARN_DOCUMENTATION_COMMENTS = YES;
				CLANG_WARN_EMPTY_BODY = YES;
				CLANG_WARN_ENUM_CONVERSION = YES;
				CLANG_WARN_INFINITE_RECURSION = YES;
				CLANG_WARN_INT_CONVERSION = YES;
				CLANG_WARN_NON_LITERAL_NULL_CONVERSION = YES;
				CLANG_WARN_OBJC_IMPLICIT_RETAIN_SELF = YES;
				CLANG_WARN_OBJC_LITERAL_CONVERSION = YES;
				CLANG_WARN_OBJC_ROOT_CLASS = YES_ERROR;
				CLANG_WARN_QUOTED_INCLUDE_IN_FRAMEWORK_HEADER = YES;
				CLANG_WARN_RANGE_LOOP_ANALYSIS = YES;
				CLANG_WARN_STRICT_PROTOTYPES = YES;
				CLANG_WARN_SUSPICIOUS_MOVE = YES;
				CLANG_WARN_UNGUARDED_AVAILABILITY = YES_AGGRESSIVE;
				CLANG_WARN_UNREACHABLE_CODE = YES;
				CLANG_WARN__DUPLICATE_METHOD_MATCH = YES;
				COPY_PHASE_STRIP = NO;
				DEBUG_INFORMATION_FORMAT = "dwarf-with-dsym";
				ENABLE_NS_ASSERTIONS = NO;
				ENABLE_STRICT_OBJC_MSGSEND = YES;
				ENABLE_USER_SCRIPT_SANDBOXING = YES;
				GCC_C_LANGUAGE_STANDARD = gnu17;
				GCC_NO_COMMON_BLOCKS = YES;
				GCC_WARN_64_TO_32_BIT_CONVERSION = YES;
				GCC_WARN_ABOUT_RETURN_TYPE = YES_ERROR;
				GCC_WARN_UNDECLARED_SELECTOR = YES;
				GCC_WARN_UNINITIALIZED_AUTOS = YES_AGGRESSIVE;
				GCC_WARN_UNUSED_FUNCTION = YES;
				GCC_WARN_UNUSED_VARIABLE = YES;
				IPHONEOS_DEPLOYMENT_TARGET = 17.4;
				LOCALIZATION_PREFERS_STRING_CATALOGS = YES;
				MTL_ENABLE_DEBUG_INFO = NO;
				MTL_FAST_MATH = YES;
				SDKROOT = iphoneos;
				SWIFT_COMPILATION_MODE = wholemodule;
				VALIDATE_PRODUCT = YES;
			};
			name = Release;
		};
		D3C597862BF60F7000BEE674 /* Debug */ = {
			isa = XCBuildConfiguration;
			buildSettings = {
				ASSETCATALOG_COMPILER_APPICON_NAME = AppIcon;
				ASSETCATALOG_COMPILER_GLOBAL_ACCENT_COLOR_NAME = AccentColor;
				CODE_SIGN_STYLE = Automatic;
				CURRENT_PROJECT_VERSION = 1;
				DEVELOPMENT_ASSET_PATHS = "\"MiEmpleados/Preview Content\"";
				DEVELOPMENT_TEAM = L46T9NVJ2U;
				ENABLE_PREVIEWS = YES;
				GENERATE_INFOPLIST_FILE = YES;
				INFOPLIST_KEY_UIApplicationSceneManifest_Generation = YES;
				INFOPLIST_KEY_UIApplicationSupportsIndirectInputEvents = YES;
				INFOPLIST_KEY_UILaunchScreen_Generation = YES;
				INFOPLIST_KEY_UISupportedInterfaceOrientations_iPad = "UIInterfaceOrientationPortrait UIInterfaceOrientationPortraitUpsideDown UIInterfaceOrientationLandscapeLeft UIInterfaceOrientationLandscapeRight";
				INFOPLIST_KEY_UISupportedInterfaceOrientations_iPhone = "UIInterfaceOrientationPortrait UIInterfaceOrientationLandscapeLeft UIInterfaceOrientationLandscapeRight";
				LD_RUNPATH_SEARCH_PATHS = (
					"$(inherited)",
					"@executable_path/Frameworks",
				);
				MARKETING_VERSION = 1.0;
				PRODUCT_BUNDLE_IDENTIFIER = com.fmalourarte.MiEmpleados;
				PRODUCT_NAME = "$(TARGET_NAME)";
				SWIFT_EMIT_LOC_STRINGS = YES;
				SWIFT_VERSION = 5.0;
				TARGETED_DEVICE_FAMILY = "1,2";
			};
			name = Debug;
		};
		D3C597872BF60F7000BEE674 /* Release */ = {
			isa = XCBuildConfiguration;
			buildSettings = {
				ASSETCATALOG_COMPILER_APPICON_NAME = AppIcon;
				ASSETCATALOG_COMPILER_GLOBAL_ACCENT_COLOR_NAME = AccentColor;
				CODE_SIGN_STYLE = Automatic;
				CURRENT_PROJECT_VERSION = 1;
				DEVELOPMENT_ASSET_PATHS = "\"MiEmpleados/Preview Content\"";
				DEVELOPMENT_TEAM = L46T9NVJ2U;
				ENABLE_PREVIEWS = YES;
				GENERATE_INFOPLIST_FILE = YES;
				INFOPLIST_KEY_UIApplicationSceneManifest_Generation = YES;
				INFOPLIST_KEY_UIApplicationSupportsIndirectInputEvents = YES;
				INFOPLIST_KEY_UILaunchScreen_Generation = YES;
				INFOPLIST_KEY_UISupportedInterfaceOrientations_iPad = "UIInterfaceOrientationPortrait UIInterfaceOrientationPortraitUpsideDown UIInterfaceOrientationLandscapeLeft UIInterfaceOrientationLandscapeRight";
				INFOPLIST_KEY_UISupportedInterfaceOrientations_iPhone = "UIInterfaceOrientationPortrait UIInterfaceOrientationLandscapeLeft UIInterfaceOrientationLandscapeRight";
				LD_RUNPATH_SEARCH_PATHS = (
					"$(inherited)",
					"@executable_path/Frameworks",
				);
				MARKETING_VERSION = 1.0;
				PRODUCT_BUNDLE_IDENTIFIER = com.fmalourarte.MiEmpleados;
				PRODUCT_NAME = "$(TARGET_NAME)";
				SWIFT_EMIT_LOC_STRINGS = YES;
				SWIFT_VERSION = 5.0;
				TARGETED_DEVICE_FAMILY = "1,2";
			};
			name = Release;
		};
/* End XCBuildConfiguration section */

/* Begin XCConfigurationList section */
		D3C597722BF60F6E00BEE674 /* Build configuration list for PBXProject "MiEmpleados" */ = {
			isa = XCConfigurationList;
			buildConfigurations = (
				D3C597832BF60F7000BEE674 /* Debug */,
				D3C597842BF60F7000BEE674 /* Release */,
			);
			defaultConfigurationIsVisible = 0;
			defaultConfigurationName = Release;
		};
		D3C597852BF60F7000BEE674 /* Build configuration list for PBXNativeTarget "MiEmpleados" */ = {
			isa = XCConfigurationList;
			buildConfigurations = (
				D3C597862BF60F7000BEE674 /* Debug */,
				D3C597872BF60F7000BEE674 /* Release */,
			);
			defaultConfigurationIsVisible = 0;
			defaultConfigurationName = Release;
		};
/* End XCConfigurationList section */
	};
	rootObject = D3C5976F2BF60F6E00BEE674 /* Project object */;
}
